// !$*UTF8*$!
{
	archiveVersion = 1;
	classes = {
	};
	objectVersion = 46;
	objects = {

/* Begin PBXBuildFile section */
		75033C46E4634184BEE3E779 /* libPods-ReachabilityRACExt.a in Frameworks */ = {isa = PBXBuildFile; fileRef = 7DA3DA0B78FE46A68CB43C1C /* libPods-ReachabilityRACExt.a */; };
		D4DFFB2D19A32998009EFFC4 /* Foundation.framework in Frameworks */ = {isa = PBXBuildFile; fileRef = D4DFFB2C19A32998009EFFC4 /* Foundation.framework */; };
		D4DFFB2F19A32998009EFFC4 /* CoreGraphics.framework in Frameworks */ = {isa = PBXBuildFile; fileRef = D4DFFB2E19A32998009EFFC4 /* CoreGraphics.framework */; };
		D4DFFB3119A32998009EFFC4 /* UIKit.framework in Frameworks */ = {isa = PBXBuildFile; fileRef = D4DFFB3019A32998009EFFC4 /* UIKit.framework */; };
		D4DFFB3719A32998009EFFC4 /* InfoPlist.strings in Resources */ = {isa = PBXBuildFile; fileRef = D4DFFB3519A32998009EFFC4 /* InfoPlist.strings */; };
		D4DFFB3919A32998009EFFC4 /* main.m in Sources */ = {isa = PBXBuildFile; fileRef = D4DFFB3819A32998009EFFC4 /* main.m */; };
		D4DFFB3D19A32998009EFFC4 /* KIAppDelegate.m in Sources */ = {isa = PBXBuildFile; fileRef = D4DFFB3C19A32998009EFFC4 /* KIAppDelegate.m */; };
		D4DFFB4019A32998009EFFC4 /* Main.storyboard in Resources */ = {isa = PBXBuildFile; fileRef = D4DFFB3E19A32998009EFFC4 /* Main.storyboard */; };
		D4DFFB4319A32998009EFFC4 /* KIViewController.m in Sources */ = {isa = PBXBuildFile; fileRef = D4DFFB4219A32998009EFFC4 /* KIViewController.m */; };
		D4DFFB4519A32998009EFFC4 /* Images.xcassets in Resources */ = {isa = PBXBuildFile; fileRef = D4DFFB4419A32998009EFFC4 /* Images.xcassets */; };
		D4DFFB4C19A32998009EFFC4 /* XCTest.framework in Frameworks */ = {isa = PBXBuildFile; fileRef = D4DFFB4B19A32998009EFFC4 /* XCTest.framework */; };
		D4DFFB4D19A32998009EFFC4 /* Foundation.framework in Frameworks */ = {isa = PBXBuildFile; fileRef = D4DFFB2C19A32998009EFFC4 /* Foundation.framework */; };
		D4DFFB4E19A32998009EFFC4 /* UIKit.framework in Frameworks */ = {isa = PBXBuildFile; fileRef = D4DFFB3019A32998009EFFC4 /* UIKit.framework */; };
		D4DFFB5619A32998009EFFC4 /* InfoPlist.strings in Resources */ = {isa = PBXBuildFile; fileRef = D4DFFB5419A32998009EFFC4 /* InfoPlist.strings */; };
		D4DFFB5819A32998009EFFC4 /* ReachabilityRACExtTests.m in Sources */ = {isa = PBXBuildFile; fileRef = D4DFFB5719A32998009EFFC4 /* ReachabilityRACExtTests.m */; };
		D4DFFB6419A32A64009EFFC4 /* Reachability+ReactiveCocoa.m in Sources */ = {isa = PBXBuildFile; fileRef = D4DFFB6319A32A64009EFFC4 /* Reachability+ReactiveCocoa.m */; };
/* End PBXBuildFile section */

/* Begin PBXContainerItemProxy section */
		D4DFFB4F19A32998009EFFC4 /* PBXContainerItemProxy */ = {
			isa = PBXContainerItemProxy;
			containerPortal = D4DFFB2119A32998009EFFC4 /* Project object */;
			proxyType = 1;
			remoteGlobalIDString = D4DFFB2819A32998009EFFC4;
			remoteInfo = ReachabilityRACExt;
		};
/* End PBXContainerItemProxy section */

/* Begin PBXFileReference section */
		44A052B1E055425194EEBBE9 /* Pods-ReachabilityRACExt.xcconfig */ = {isa = PBXFileReference; includeInIndex = 1; lastKnownFileType = text.xcconfig; name = "Pods-ReachabilityRACExt.xcconfig"; path = "Pods/Pods-ReachabilityRACExt.xcconfig"; sourceTree = "<group>"; };
		7DA3DA0B78FE46A68CB43C1C /* libPods-ReachabilityRACExt.a */ = {isa = PBXFileReference; explicitFileType = archive.ar; includeInIndex = 0; path = "libPods-ReachabilityRACExt.a"; sourceTree = BUILT_PRODUCTS_DIR; };
		D4DFFB2919A32998009EFFC4 /* ReachabilityRACExt.app */ = {isa = PBXFileReference; explicitFileType = wrapper.application; includeInIndex = 0; path = ReachabilityRACExt.app; sourceTree = BUILT_PRODUCTS_DIR; };
		D4DFFB2C19A32998009EFFC4 /* Foundation.framework */ = {isa = PBXFileReference; lastKnownFileType = wrapper.framework; name = Foundation.framework; path = System/Library/Frameworks/Foundation.framework; sourceTree = SDKROOT; };
		D4DFFB2E19A32998009EFFC4 /* CoreGraphics.framework */ = {isa = PBXFileReference; lastKnownFileType = wrapper.framework; name = CoreGraphics.framework; path = System/Library/Frameworks/CoreGraphics.framework; sourceTree = SDKROOT; };
		D4DFFB3019A32998009EFFC4 /* UIKit.framework */ = {isa = PBXFileReference; lastKnownFileType = wrapper.framework; name = UIKit.framework; path = System/Library/Frameworks/UIKit.framework; sourceTree = SDKROOT; };
		D4DFFB3419A32998009EFFC4 /* ReachabilityRACExt-Info.plist */ = {isa = PBXFileReference; lastKnownFileType = text.plist.xml; path = "ReachabilityRACExt-Info.plist"; sourceTree = "<group>"; };
		D4DFFB3619A32998009EFFC4 /* en */ = {isa = PBXFileReference; lastKnownFileType = text.plist.strings; name = en; path = en.lproj/InfoPlist.strings; sourceTree = "<group>"; };
		D4DFFB3819A32998009EFFC4 /* main.m */ = {isa = PBXFileReference; lastKnownFileType = sourcecode.c.objc; path = main.m; sourceTree = "<group>"; };
		D4DFFB3A19A32998009EFFC4 /* ReachabilityRACExt-Prefix.pch */ = {isa = PBXFileReference; lastKnownFileType = sourcecode.c.h; path = "ReachabilityRACExt-Prefix.pch"; sourceTree = "<group>"; };
		D4DFFB3B19A32998009EFFC4 /* KIAppDelegate.h */ = {isa = PBXFileReference; lastKnownFileType = sourcecode.c.h; path = KIAppDelegate.h; sourceTree = "<group>"; };
		D4DFFB3C19A32998009EFFC4 /* KIAppDelegate.m */ = {isa = PBXFileReference; lastKnownFileType = sourcecode.c.objc; path = KIAppDelegate.m; sourceTree = "<group>"; };
		D4DFFB3F19A32998009EFFC4 /* Base */ = {isa = PBXFileReference; lastKnownFileType = file.storyboard; name = Base; path = Base.lproj/Main.storyboard; sourceTree = "<group>"; };
		D4DFFB4119A32998009EFFC4 /* KIViewController.h */ = {isa = PBXFileReference; lastKnownFileType = sourcecode.c.h; path = KIViewController.h; sourceTree = "<group>"; };
		D4DFFB4219A32998009EFFC4 /* KIViewController.m */ = {isa = PBXFileReference; lastKnownFileType = sourcecode.c.objc; path = KIViewController.m; sourceTree = "<group>"; };
		D4DFFB4419A32998009EFFC4 /* Images.xcassets */ = {isa = PBXFileReference; lastKnownFileType = folder.assetcatalog; path = Images.xcassets; sourceTree = "<group>"; };
		D4DFFB4A19A32998009EFFC4 /* ReachabilityRACExtTests.xctest */ = {isa = PBXFileReference; explicitFileType = wrapper.cfbundle; includeInIndex = 0; path = ReachabilityRACExtTests.xctest; sourceTree = BUILT_PRODUCTS_DIR; };
		D4DFFB4B19A32998009EFFC4 /* XCTest.framework */ = {isa = PBXFileReference; lastKnownFileType = wrapper.framework; name = XCTest.framework; path = Library/Frameworks/XCTest.framework; sourceTree = DEVELOPER_DIR; };
		D4DFFB5319A32998009EFFC4 /* ReachabilityRACExtTests-Info.plist */ = {isa = PBXFileReference; lastKnownFileType = text.plist.xml; path = "ReachabilityRACExtTests-Info.plist"; sourceTree = "<group>"; };
		D4DFFB5519A32998009EFFC4 /* en */ = {isa = PBXFileReference; lastKnownFileType = text.plist.strings; name = en; path = en.lproj/InfoPlist.strings; sourceTree = "<group>"; };
		D4DFFB5719A32998009EFFC4 /* ReachabilityRACExtTests.m */ = {isa = PBXFileReference; lastKnownFileType = sourcecode.c.objc; path = ReachabilityRACExtTests.m; sourceTree = "<group>"; };
		D4DFFB6219A32A64009EFFC4 /* Reachability+ReactiveCocoa.h */ = {isa = PBXFileReference; fileEncoding = 4; lastKnownFileType = sourcecode.c.h; path = "Reachability+ReactiveCocoa.h"; sourceTree = "<group>"; };
		D4DFFB6319A32A64009EFFC4 /* Reachability+ReactiveCocoa.m */ = {isa = PBXFileReference; fileEncoding = 4; lastKnownFileType = sourcecode.c.objc; path = "Reachability+ReactiveCocoa.m"; sourceTree = "<group>"; };
/* End PBXFileReference section */

/* Begin PBXFrameworksBuildPhase section */
		D4DFFB2619A32998009EFFC4 /* Frameworks */ = {
			isa = PBXFrameworksBuildPhase;
			buildActionMask = 2147483647;
			files = (
				D4DFFB2F19A32998009EFFC4 /* CoreGraphics.framework in Frameworks */,
				D4DFFB3119A32998009EFFC4 /* UIKit.framework in Frameworks */,
				D4DFFB2D19A32998009EFFC4 /* Foundation.framework in Frameworks */,
				75033C46E4634184BEE3E779 /* libPods-ReachabilityRACExt.a in Frameworks */,
			);
			runOnlyForDeploymentPostprocessing = 0;
		};
		D4DFFB4719A32998009EFFC4 /* Frameworks */ = {
			isa = PBXFrameworksBuildPhase;
			buildActionMask = 2147483647;
			files = (
				D4DFFB4C19A32998009EFFC4 /* XCTest.framework in Frameworks */,
				D4DFFB4E19A32998009EFFC4 /* UIKit.framework in Frameworks */,
				D4DFFB4D19A32998009EFFC4 /* Foundation.framework in Frameworks */,
			);
			runOnlyForDeploymentPostprocessing = 0;
		};
/* End PBXFrameworksBuildPhase section */

/* Begin PBXGroup section */
		D4DFFB2019A32998009EFFC4 = {
			isa = PBXGroup;
			children = (
				D4DFFB3219A32998009EFFC4 /* ReachabilityRACExt */,
				D4DFFB5119A32998009EFFC4 /* ReachabilityRACExtTests */,
				D4DFFB2B19A32998009EFFC4 /* Frameworks */,
				D4DFFB2A19A32998009EFFC4 /* Products */,
				44A052B1E055425194EEBBE9 /* Pods-ReachabilityRACExt.xcconfig */,
			);
			sourceTree = "<group>";
		};
		D4DFFB2A19A32998009EFFC4 /* Products */ = {
			isa = PBXGroup;
			children = (
				D4DFFB2919A32998009EFFC4 /* ReachabilityRACExt.app */,
				D4DFFB4A19A32998009EFFC4 /* ReachabilityRACExtTests.xctest */,
			);
			name = Products;
			sourceTree = "<group>";
		};
		D4DFFB2B19A32998009EFFC4 /* Frameworks */ = {
			isa = PBXGroup;
			children = (
				D4DFFB2C19A32998009EFFC4 /* Foundation.framework */,
				D4DFFB2E19A32998009EFFC4 /* CoreGraphics.framework */,
				D4DFFB3019A32998009EFFC4 /* UIKit.framework */,
				D4DFFB4B19A32998009EFFC4 /* XCTest.framework */,
				7DA3DA0B78FE46A68CB43C1C /* libPods-ReachabilityRACExt.a */,
			);
			name = Frameworks;
			sourceTree = "<group>";
		};
		D4DFFB3219A32998009EFFC4 /* ReachabilityRACExt */ = {
			isa = PBXGroup;
			children = (
				D4DFFB6119A329BB009EFFC4 /* Classes */,
				D4DFFB3B19A32998009EFFC4 /* KIAppDelegate.h */,
				D4DFFB3C19A32998009EFFC4 /* KIAppDelegate.m */,
				D4DFFB3E19A32998009EFFC4 /* Main.storyboard */,
				D4DFFB4119A32998009EFFC4 /* KIViewController.h */,
				D4DFFB4219A32998009EFFC4 /* KIViewController.m */,
				D4DFFB4419A32998009EFFC4 /* Images.xcassets */,
				D4DFFB3319A32998009EFFC4 /* Supporting Files */,
			);
			path = ReachabilityRACExt;
			sourceTree = "<group>";
		};
		D4DFFB3319A32998009EFFC4 /* Supporting Files */ = {
			isa = PBXGroup;
			children = (
				D4DFFB3419A32998009EFFC4 /* ReachabilityRACExt-Info.plist */,
				D4DFFB3519A32998009EFFC4 /* InfoPlist.strings */,
				D4DFFB3819A32998009EFFC4 /* main.m */,
				D4DFFB3A19A32998009EFFC4 /* ReachabilityRACExt-Prefix.pch */,
			);
			name = "Supporting Files";
			sourceTree = "<group>";
		};
		D4DFFB5119A32998009EFFC4 /* ReachabilityRACExtTests */ = {
			isa = PBXGroup;
			children = (
				D4DFFB5719A32998009EFFC4 /* ReachabilityRACExtTests.m */,
				D4DFFB5219A32998009EFFC4 /* Supporting Files */,
			);
			path = ReachabilityRACExtTests;
			sourceTree = "<group>";
		};
		D4DFFB5219A32998009EFFC4 /* Supporting Files */ = {
			isa = PBXGroup;
			children = (
				D4DFFB5319A32998009EFFC4 /* ReachabilityRACExtTests-Info.plist */,
				D4DFFB5419A32998009EFFC4 /* InfoPlist.strings */,
			);
			name = "Supporting Files";
			sourceTree = "<group>";
		};
		D4DFFB6119A329BB009EFFC4 /* Classes */ = {
			isa = PBXGroup;
			children = (
				D4DFFB6219A32A64009EFFC4 /* Reachability+ReactiveCocoa.h */,
				D4DFFB6319A32A64009EFFC4 /* Reachability+ReactiveCocoa.m */,
			);
			path = Classes;
			sourceTree = "<group>";
		};
/* End PBXGroup section */

/* Begin PBXNativeTarget section */
		D4DFFB2819A32998009EFFC4 /* ReachabilityRACExt */ = {
			isa = PBXNativeTarget;
			buildConfigurationList = D4DFFB5B19A32998009EFFC4 /* Build configuration list for PBXNativeTarget "ReachabilityRACExt" */;
			buildPhases = (
				10841242715E495AA46797F3 /* Check Pods Manifest.lock */,
				D4DFFB2519A32998009EFFC4 /* Sources */,
				D4DFFB2619A32998009EFFC4 /* Frameworks */,
				D4DFFB2719A32998009EFFC4 /* Resources */,
				59E554F958A341108E92A876 /* Copy Pods Resources */,
			);
			buildRules = (
			);
			dependencies = (
			);
			name = ReachabilityRACExt;
			productName = ReachabilityRACExt;
			productReference = D4DFFB2919A32998009EFFC4 /* ReachabilityRACExt.app */;
			productType = "com.apple.product-type.application";
		};
		D4DFFB4919A32998009EFFC4 /* ReachabilityRACExtTests */ = {
			isa = PBXNativeTarget;
			buildConfigurationList = D4DFFB5E19A32998009EFFC4 /* Build configuration list for PBXNativeTarget "ReachabilityRACExtTests" */;
			buildPhases = (
				D4DFFB4619A32998009EFFC4 /* Sources */,
				D4DFFB4719A32998009EFFC4 /* Frameworks */,
				D4DFFB4819A32998009EFFC4 /* Resources */,
			);
			buildRules = (
			);
			dependencies = (
				D4DFFB5019A32998009EFFC4 /* PBXTargetDependency */,
			);
			name = ReachabilityRACExtTests;
			productName = ReachabilityRACExtTests;
			productReference = D4DFFB4A19A32998009EFFC4 /* ReachabilityRACExtTests.xctest */;
			productType = "com.apple.product-type.bundle.unit-test";
		};
/* End PBXNativeTarget section */

/* Begin PBXProject section */
		D4DFFB2119A32998009EFFC4 /* Project object */ = {
			isa = PBXProject;
			attributes = {
				CLASSPREFIX = KI;
				LastUpgradeCheck = 0510;
				ORGANIZATIONNAME = kaiinui;
				TargetAttributes = {
					D4DFFB4919A32998009EFFC4 = {
						TestTargetID = D4DFFB2819A32998009EFFC4;
					};
				};
			};
			buildConfigurationList = D4DFFB2419A32998009EFFC4 /* Build configuration list for PBXProject "ReachabilityRACExt" */;
			compatibilityVersion = "Xcode 3.2";
			developmentRegion = English;
			hasScannedForEncodings = 0;
			knownRegions = (
				en,
				Base,
			);
			mainGroup = D4DFFB2019A32998009EFFC4;
			productRefGroup = D4DFFB2A19A32998009EFFC4 /* Products */;
			projectDirPath = "";
			projectRoot = "";
			targets = (
				D4DFFB2819A32998009EFFC4 /* ReachabilityRACExt */,
				D4DFFB4919A32998009EFFC4 /* ReachabilityRACExtTests */,
			);
		};
/* End PBXProject section */

/* Begin PBXResourcesBuildPhase section */
		D4DFFB2719A32998009EFFC4 /* Resources */ = {
			isa = PBXResourcesBuildPhase;
			buildActionMask = 2147483647;
			files = (
				D4DFFB4519A32998009EFFC4 /* Images.xcassets in Resources */,
				D4DFFB3719A32998009EFFC4 /* InfoPlist.strings in Resources */,
				D4DFFB4019A32998009EFFC4 /* Main.storyboard in Resources */,
			);
			runOnlyForDeploymentPostprocessing = 0;
		};
		D4DFFB4819A32998009EFFC4 /* Resources */ = {
			isa = PBXResourcesBuildPhase;
			buildActionMask = 2147483647;
			files = (
				D4DFFB5619A32998009EFFC4 /* InfoPlist.strings in Resources */,
			);
			runOnlyForDeploymentPostprocessing = 0;
		};
/* End PBXResourcesBuildPhase section */

/* Begin PBXShellScriptBuildPhase section */
		10841242715E495AA46797F3 /* Check Pods Manifest.lock */ = {
			isa = PBXShellScriptBuildPhase;
			buildActionMask = 2147483647;
			files = (
			);
			inputPaths = (
			);
			name = "Check Pods Manifest.lock";
			outputPaths = (
			);
			runOnlyForDeploymentPostprocessing = 0;
			shellPath = /bin/sh;
			shellScript = "diff \"${PODS_ROOT}/../Podfile.lock\" \"${PODS_ROOT}/Manifest.lock\" > /dev/null\nif [[ $? != 0 ]] ; then\n    cat << EOM\nerror: The sandbox is not in sync with the Podfile.lock. Run 'pod install' or update your CocoaPods installation.\nEOM\n    exit 1\nfi\n";
			showEnvVarsInLog = 0;
		};
		59E554F958A341108E92A876 /* Copy Pods Resources */ = {
			isa = PBXShellScriptBuildPhase;
			buildActionMask = 2147483647;
			files = (
			);
			inputPaths = (
			);
			name = "Copy Pods Resources";
			outputPaths = (
			);
			runOnlyForDeploymentPostprocessing = 0;
			shellPath = /bin/sh;
			shellScript = "\"${SRCROOT}/Pods/Pods-ReachabilityRACExt-resources.sh\"\n";
			showEnvVarsInLog = 0;
		};
/* End PBXShellScriptBuildPhase section */

/* Begin PBXSourcesBuildPhase section */
		D4DFFB2519A32998009EFFC4 /* Sources */ = {
			isa = PBXSourcesBuildPhase;
			buildActionMask = 2147483647;
			files = (
				D4DFFB4319A32998009EFFC4 /* KIViewController.m in Sources */,
				D4DFFB3D19A32998009EFFC4 /* KIAppDelegate.m in Sources */,
				D4DFFB3919A32998009EFFC4 /* main.m in Sources */,
				D4DFFB6419A32A64009EFFC4 /* Reachability+ReactiveCocoa.m in Sources */,
			);
			runOnlyForDeploymentPostprocessing = 0;
		};
		D4DFFB4619A32998009EFFC4 /* Sources */ = {
			isa = PBXSourcesBuildPhase;
			buildActionMask = 2147483647;
			files = (
				D4DFFB5819A32998009EFFC4 /* ReachabilityRACExtTests.m in Sources */,
			);
			runOnlyForDeploymentPostprocessing = 0;
		};
/* End PBXSourcesBuildPhase section */

/* Begin PBXTargetDependency section */
		D4DFFB5019A32998009EFFC4 /* PBXTargetDependency */ = {
			isa = PBXTargetDependency;
			target = D4DFFB2819A32998009EFFC4 /* ReachabilityRACExt */;
			targetProxy = D4DFFB4F19A32998009EFFC4 /* PBXContainerItemProxy */;
		};
/* End PBXTargetDependency section */

/* Begin PBXVariantGroup section */
		D4DFFB3519A32998009EFFC4 /* InfoPlist.strings */ = {
			isa = PBXVariantGroup;
			children = (
				D4DFFB3619A32998009EFFC4 /* en */,
			);
			name = InfoPlist.strings;
			sourceTree = "<group>";
		};
		D4DFFB3E19A32998009EFFC4 /* Main.storyboard */ = {
			isa = PBXVariantGroup;
			children = (
				D4DFFB3F19A32998009EFFC4 /* Base */,
			);
			name = Main.storyboard;
			sourceTree = "<group>";
		};
		D4DFFB5419A32998009EFFC4 /* InfoPlist.strings */ = {
			isa = PBXVariantGroup;
			children = (
				D4DFFB5519A32998009EFFC4 /* en */,
			);
			name = InfoPlist.strings;
			sourceTree = "<group>";
		};
/* End PBXVariantGroup section */

/* Begin XCBuildConfiguration section */
		D4DFFB5919A32998009EFFC4 /* Debug */ = {
			isa = XCBuildConfiguration;
			buildSettings = {
				ALWAYS_SEARCH_USER_PATHS = NO;
				CLANG_CXX_LANGUAGE_STANDARD = "gnu++0x";
				CLANG_CXX_LIBRARY = "libc++";
				CLANG_ENABLE_MODULES = YES;
				CLANG_ENABLE_OBJC_ARC = YES;
				CLANG_WARN_BOOL_CONVERSION = YES;
				CLANG_WARN_CONSTANT_CONVERSION = YES;
				CLANG_WARN_DIRECT_OBJC_ISA_USAGE = YES_ERROR;
				CLANG_WARN_EMPTY_BODY = YES;
				CLANG_WARN_ENUM_CONVERSION = YES;
				CLANG_WARN_INT_CONVERSION = YES;
				CLANG_WARN_OBJC_ROOT_CLASS = YES_ERROR;
				CLANG_WARN__DUPLICATE_METHOD_MATCH = YES;
				"CODE_SIGN_IDENTITY[sdk=iphoneos*]" = "iPhone Developer";
				COPY_PHASE_STRIP = NO;
				GCC_C_LANGUAGE_STANDARD = gnu99;
				GCC_DYNAMIC_NO_PIC = NO;
				GCC_OPTIMIZATION_LEVEL = 0;
				GCC_PREPROCESSOR_DEFINITIONS = (
					"DEBUG=1",
					"$(inherited)",
				);
				GCC_SYMBOLS_PRIVATE_EXTERN = NO;
				GCC_WARN_64_TO_32_BIT_CONVERSION = YES;
				GCC_WARN_ABOUT_RETURN_TYPE = YES_ERROR;
				GCC_WARN_UNDECLARED_SELECTOR = YES;
				GCC_WARN_UNINITIALIZED_AUTOS = YES_AGGRESSIVE;
				GCC_WARN_UNUSED_FUNCTION = YES;
				GCC_WARN_UNUSED_VARIABLE = YES;
				IPHONEOS_DEPLOYMENT_TARGET = 7.1;
				ONLY_ACTIVE_ARCH = YES;
				SDKROOT = iphoneos;
			};
			name = Debug;
		};
		D4DFFB5A19A32998009EFFC4 /* Release */ = {
			isa = XCBuildConfiguration;
			buildSettings = {
				ALWAYS_SEARCH_USER_PATHS = NO;
				CLANG_CXX_LANGUAGE_STANDARD = "gnu++0x";
				CLANG_CXX_LIBRARY = "libc++";
				CLANG_ENABLE_MODULES = YES;
				CLANG_ENABLE_OBJC_ARC = YES;
				CLANG_WARN_BOOL_CONVERSION = YES;
				CLANG_WARN_CONSTANT_CONVERSION = YES;
				CLANG_WARN_DIRECT_OBJC_ISA_USAGE = YES_ERROR;
				CLANG_WARN_EMPTY_BODY = YES;
				CLANG_WARN_ENUM_CONVERSION = YES;
				CLANG_WARN_INT_CONVERSION = YES;
				CLANG_WARN_OBJC_ROOT_CLASS = YES_ERROR;
				CLANG_WARN__DUPLICATE_METHOD_MATCH = YES;
				"CODE_SIGN_IDENTITY[sdk=iphoneos*]" = "iPhone Developer";
				COPY_PHASE_STRIP = YES;
				ENABLE_NS_ASSERTIONS = NO;
				GCC_C_LANGUAGE_STANDARD = gnu99;
				GCC_WARN_64_TO_32_BIT_CONVERSION = YES;
				GCC_WARN_ABOUT_RETURN_TYPE = YES_ERROR;
				GCC_WARN_UNDECLARED_SELECTOR = YES;
				GCC_WARN_UNINITIALIZED_AUTOS = YES_AGGRESSIVE;
				GCC_WARN_UNUSED_FUNCTION = YES;
				GCC_WARN_UNUSED_VARIABLE = YES;
				IPHONEOS_DEPLOYMENT_TARGET = 7.1;
				SDKROOT = iphoneos;
				VALIDATE_PRODUCT = YES;
			};
			name = Release;
		};
		D4DFFB5C19A32998009EFFC4 /* Debug */ = {
			isa = XCBuildConfiguration;
			baseConfigurationReference = 44A052B1E055425194EEBBE9 /* Pods-ReachabilityRACExt.xcconfig */;
			buildSettings = {
				ASSETCATALOG_COMPILER_APPICON_NAME = AppIcon;
				ASSETCATALOG_COMPILER_LAUNCHIMAGE_NAME = LaunchImage;
				GCC_PRECOMPILE_PREFIX_HEADER = YES;
				GCC_PREFIX_HEADER = "ReachabilityRACExt/ReachabilityRACExt-Prefix.pch";
				INFOPLIST_FILE = "ReachabilityRACExt/ReachabilityRACExt-Info.plist";
				PRODUCT_NAME = "$(TARGET_NAME)";
				WRAPPER_EXTENSION = app;
			};
			name = Debug;
		};
		D4DFFB5D19A32998009EFFC4 /* Release */ = {
			isa = XCBuildConfiguration;
			baseConfigurationReference = 44A052B1E055425194EEBBE9 /* Pods-ReachabilityRACExt.xcconfig */;
			buildSettings = {
				ASSETCATALOG_COMPILER_APPICON_NAME = AppIcon;
				ASSETCATALOG_COMPILER_LAUNCHIMAGE_NAME = LaunchImage;
				GCC_PRECOMPILE_PREFIX_HEADER = YES;
				GCC_PREFIX_HEADER = "ReachabilityRACExt/ReachabilityRACExt-Prefix.pch";
				INFOPLIST_FILE = "ReachabilityRACExt/ReachabilityRACExt-Info.plist";
				PRODUCT_NAME = "$(TARGET_NAME)";
				WRAPPER_EXTENSION = app;
			};
			name = Release;
		};
		D4DFFB5F19A32998009EFFC4 /* Debug */ = {
			isa = XCBuildConfiguration;
			buildSettings = {
				BUNDLE_LOADER = "$(BUILT_PRODUCTS_DIR)/ReachabilityRACExt.app/ReachabilityRACExt";
				FRAMEWORK_SEARCH_PATHS = (
					"$(SDKROOT)/Developer/Library/Frameworks",
					"$(inherited)",
					"$(DEVELOPER_FRAMEWORKS_DIR)",
				);
				GCC_PRECOMPILE_PREFIX_HEADER = YES;
				GCC_PREFIX_HEADER = "ReachabilityRACExt/ReachabilityRACExt-Prefix.pch";
				GCC_PREPROCESSOR_DEFINITIONS = (
					"DEBUG=1",
					"$(inherited)",
				);
				INFOPLIST_FILE = "ReachabilityRACExtTests/ReachabilityRACExtTests-Info.plist";
				PRODUCT_NAME = "$(TARGET_NAME)";
				TEST_HOST = "$(BUNDLE_LOADER)";
				WRAPPER_EXTENSION = xctest;
			};
			name = Debug;
		};
		D4DFFB6019A32998009EFFC4 /* Release */ = {
			isa = XCBuildConfiguration;
			buildSettings = {
				BUNDLE_LOADER = "$(BUILT_PRODUCTS_DIR)/ReachabilityRACExt.app/ReachabilityRACExt";
				FRAMEWORK_SEARCH_PATHS = (
					"$(SDKROOT)/Developer/Library/Frameworks",
					"$(inherited)",
					"$(DEVELOPER_FRAMEWORKS_DIR)",
				);
				GCC_PRECOMPILE_PREFIX_HEADER = YES;
				GCC_PREFIX_HEADER = "ReachabilityRACExt/ReachabilityRACExt-Prefix.pch";
				INFOPLIST_FILE = "ReachabilityRACExtTests/ReachabilityRACExtTests-Info.plist";
				PRODUCT_NAME = "$(TARGET_NAME)";
				TEST_HOST = "$(BUNDLE_LOADER)";
				WRAPPER_EXTENSION = xctest;
			};
			name = Release;
		};
/* End XCBuildConfiguration section */

/* Begin XCConfigurationList section */
		D4DFFB2419A32998009EFFC4 /* Build configuration list for PBXProject "ReachabilityRACExt" */ = {
			isa = XCConfigurationList;
			buildConfigurations = (
				D4DFFB5919A32998009EFFC4 /* Debug */,
				D4DFFB5A19A32998009EFFC4 /* Release */,
			);
			defaultConfigurationIsVisible = 0;
			defaultConfigurationName = Release;
		};
		D4DFFB5B19A32998009EFFC4 /* Build configuration list for PBXNativeTarget "ReachabilityRACExt" */ = {
			isa = XCConfigurationList;
			buildConfigurations = (
				D4DFFB5C19A32998009EFFC4 /* Debug */,
				D4DFFB5D19A32998009EFFC4 /* Release */,
			);
			defaultConfigurationIsVisible = 0;
			defaultConfigurationName = Release;
		};
		D4DFFB5E19A32998009EFFC4 /* Build configuration list for PBXNativeTarget "ReachabilityRACExtTests" */ = {
			isa = XCConfigurationList;
			buildConfigurations = (
				D4DFFB5F19A32998009EFFC4 /* Debug */,
				D4DFFB6019A32998009EFFC4 /* Release */,
			);
			defaultConfigurationIsVisible = 0;
			defaultConfigurationName = Release;
		};
/* End XCConfigurationList section */
	};
	rootObject = D4DFFB2119A32998009EFFC4 /* Project object */;
}
